
Microsoft Visual Studio Solution File, Format Version 12.00
# Visual Studio Version 16
VisualStudioVersion = 16.0.31729.503
MinimumVisualStudioVersion = 10.0.40219.1
Project("{FAE04EC0-301F-11D3-BF4B-00C04F79EFBC}") = "LIBRARY_PROJECT_3.0", "LIBRARY_PROJECT_3.0.csproj", "{326E2FF3-9C92-4CD1-92C6-DA243C47BF1C}"
EndProject
Global
	GlobalSection(SolutionConfigurationPlatforms) = preSolution
		Debug|Any CPU = Debug|Any CPU
		Release|Any CPU = Release|Any CPU
	EndGlobalSection
	GlobalSection(ProjectConfigurationPlatforms) = postSolution
		{326E2FF3-9C92-4CD1-92C6-DA243C47BF1C}.Debug|Any CPU.ActiveCfg = Debug|Any CPU
		{326E2FF3-9C92-4CD1-92C6-DA243C47BF1C}.Debug|Any CPU.Build.0 = Debug|Any CPU
		{326E2FF3-9C92-4CD1-92C6-DA243C47BF1C}.Release|Any CPU.ActiveCfg = Release|Any CPU
		{326E2FF3-9C92-4CD1-92C6-DA243C47BF1C}.Release|Any CPU.Build.0 = Release|Any CPU
	EndGlobalSection
	GlobalSection(SolutionProperties) = preSolution
		HideSolutionNode = FALSE
	EndGlobalSection
	GlobalSection(ExtensibilityGlobals) = postSolution
		SolutionGuid = {D3E00A0A-2141-48FB-B487-22F7A8EF8D8E}
	EndGlobalSection
EndGlobal
